
Microsoft Visual Studio Solution File, Format Version 12.00
# Visual Studio Version 17
VisualStudioVersion = 17.2.32526.322
MinimumVisualStudioVersion = 10.0.40219.1
Project("{FAE04EC0-301F-11D3-BF4B-00C04F79EFBC}") = "WebApplication1", "WebApplication1\WebApplication1.csproj", "{648D8C5B-C486-4548-A73E-2FD72F6D01FB}"
EndProject
Global
	GlobalSection(SolutionConfigurationPlatforms) = preSolution
		Debug|Any CPU = Debug|Any CPU
		Release|Any CPU = Release|Any CPU
	EndGlobalSection
	GlobalSection(ProjectConfigurationPlatforms) = postSolution
		{648D8C5B-C486-4548-A73E-2FD72F6D01FB}.Debug|Any CPU.ActiveCfg = Debug|Any CPU
		{648D8C5B-C486-4548-A73E-2FD72F6D01FB}.Debug|Any CPU.Build.0 = Debug|Any CPU
		{648D8C5B-C486-4548-A73E-2FD72F6D01FB}.Release|Any CPU.ActiveCfg = Release|Any CPU
		{648D8C5B-C486-4548-A73E-2FD72F6D01FB}.Release|Any CPU.Build.0 = Release|Any CPU
	EndGlobalSection
	GlobalSection(SolutionProperties) = preSolution
		HideSolutionNode = FALSE
	EndGlobalSection
	GlobalSection(ExtensibilityGlobals) = postSolution
		SolutionGuid = {C85CB4CC-57E2-409A-8453-F74D85999FB3}
	EndGlobalSection
EndGlobal
